
Microsoft Visual Studio Solution File, Format Version 11.00
# Visual Studio 2010
Project("{FAE04EC0-301F-11D3-BF4B-00C04F79EFBC}") = "Assembly-CSharp", "Assembly-CSharp.csproj", "{725D398C-4C37-7063-A4BA-691CB0E379CC}"
EndProject
Global
	GlobalSection(SolutionConfigurationPlatforms) = preSolution
		Debug|Any CPU = Debug|Any CPU
		Release|Any CPU = Release|Any CPU
	EndGlobalSection
	GlobalSection(ProjectConfigurationPlatforms) = postSolution
		{725D398C-4C37-7063-A4BA-691CB0E379CC}.Debug|Any CPU.ActiveCfg = Debug|Any CPU
		{725D398C-4C37-7063-A4BA-691CB0E379CC}.Debug|Any CPU.Build.0 = Debug|Any CPU
		{725D398C-4C37-7063-A4BA-691CB0E379CC}.Release|Any CPU.ActiveCfg = Release|Any CPU
		{725D398C-4C37-7063-A4BA-691CB0E379CC}.Release|Any CPU.Build.0 = Release|Any CPU
	EndGlobalSection
	GlobalSection(SolutionProperties) = preSolution
		HideSolutionNode = FALSE
	EndGlobalSection
EndGlobal
